# This file is generated by running "yarn install" inside your project.
# Manual changes might be lost - proceed with caution!

__metadata:
  version: 8
  cacheKey: 10c0

"@pdf-lib/standard-fonts@npm:^1.0.0":
  version: 1.0.0
  resolution: "@pdf-lib/standard-fonts@npm:1.0.0"
  dependencies:
    pako: "npm:^1.0.6"
  checksum: 10c0/c683adfb764cd235a8370a0c1d5a8d7e90e3499ad33cdecfb92e4d48b0d36cfd038e3a875ebd0937a5646ee1578d793ab98f9c374be360c9a05d2699c1caedf4
  languageName: node
  linkType: hard

"@pdf-lib/upng@npm:^1.0.1":
  version: 1.0.1
  resolution: "@pdf-lib/upng@npm:1.0.1"
  dependencies:
    pako: "npm:^1.0.10"
  checksum: 10c0/9c300c513c1089e561c0cccac01f396a24efb9b0e9c922a39248cb09dfced70c05b9facdfce11a7f22cbedb4129593630a18111b90a57ef34ea4c3df98f2ac1d
  languageName: node
  linkType: hard

"fill-pdf@workspace:.":
  version: 0.0.0-use.local
  resolution: "fill-pdf@workspace:."
  dependencies:
    pdf-lib: "npm:^1.17.1"
  languageName: unknown
  linkType: soft

"pako@npm:^1.0.10, pako@npm:^1.0.11, pako@npm:^1.0.6":
  version: 1.0.11
  resolution: "pako@npm:1.0.11"
  checksum: 10c0/86dd99d8b34c3930345b8bbeb5e1cd8a05f608eeb40967b293f72fe469d0e9c88b783a8777e4cc7dc7c91ce54c5e93d88ff4b4f060e6ff18408fd21030d9ffbe
  languageName: node
  linkType: hard

"pdf-lib@npm:^1.17.1":
  version: 1.17.1
  resolution: "pdf-lib@npm:1.17.1"
  dependencies:
    "@pdf-lib/standard-fonts": "npm:^1.0.0"
    "@pdf-lib/upng": "npm:^1.0.1"
    pako: "npm:^1.0.11"
    tslib: "npm:^1.11.1"
  checksum: 10c0/a9489a402880dacd1389a3e14ff8f6139d58e3bc82f26b0fcbd0798b841aee6ccb7fcfab0992b574e57b40404ced0330a7170b3c6467363461a9df5d9daec489
  languageName: node
  linkType: hard

"tslib@npm:^1.11.1":
  version: 1.14.1
  resolution: "tslib@npm:1.14.1"
  checksum: 10c0/69ae09c49eea644bc5ebe1bca4fa4cc2c82b7b3e02f43b84bd891504edf66dbc6b2ec0eef31a957042de2269139e4acff911e6d186a258fb14069cd7f6febce2
  languageName: node
  linkType: hard
